
Microsoft Visual Studio Solution File, Format Version 12.00
# Visual Studio 14
VisualStudioVersion = 14.0.25420.1
MinimumVisualStudioVersion = 10.0.40219.1
Project("{FAE04EC0-301F-11D3-BF4B-00C04F79EFBC}") = "SharpCrop", "SharpCrop\SharpCrop.csproj", "{B8779394-3FCB-4CCC-96EC-2BF2D4827A16}"
	ProjectSection(ProjectDependencies) = postProject
		{318EE826-9014-4869-B84A-B447980229BC} = {318EE826-9014-4869-B84A-B447980229BC}
	EndProjectSection
EndProject
Project("{2150E333-8FDC-42A3-9474-1A3956D46DE8}") = "Root", "Root", "{734E6433-F725-44E7-B46C-FC6F107A34D2}"
	ProjectSection(SolutionItems) = preProject
		.gitignore = .gitignore
		icon.ico = icon.ico
		LICENSE = LICENSE
		README.md = README.md
		screenshot.png = screenshot.png
	EndProjectSection
EndProject
Project("{FAE04EC0-301F-11D3-BF4B-00C04F79EFBC}") = "SharpCrop.Provider", "SharpCrop.Provider\SharpCrop.Provider.csproj", "{318EE826-9014-4869-B84A-B447980229BC}"
EndProject
Project("{FAE04EC0-301F-11D3-BF4B-00C04F79EFBC}") = "SharpCrop.Dropbox", "SharpCrop.Dropbox\SharpCrop.Dropbox.csproj", "{52C62AF5-CF9F-4F80-A5A6-13A322975E6C}"
EndProject
Project("{FAE04EC0-301F-11D3-BF4B-00C04F79EFBC}") = "SharpCrop.GoogleDrive", "SharpCrop.GoogleDrive\SharpCrop.GoogleDrive.csproj", "{1466A67D-99BD-43F6-A806-314008147D6E}"
EndProject
Project("{FAE04EC0-301F-11D3-BF4B-00C04F79EFBC}") = "SharpCrop.OneDrive", "SharpCrop.OneDrive\SharpCrop.OneDrive.csproj", "{BAFEC853-40D1-45B5-AC5D-BC1FF5A23BFD}"
EndProject
Project("{2150E333-8FDC-42A3-9474-1A3956D46DE8}") = "Docs", "Docs", "{634EBB3C-C2FC-4230-8DA2-3240A7897078}"
	ProjectSection(SolutionItems) = preProject
		docs\index.html = docs\index.html
		docs\OneDrive.html = docs\OneDrive.html
	EndProjectSection
EndProject
Project("{FAE04EC0-301F-11D3-BF4B-00C04F79EFBC}") = "SharpCrop.LocalFile", "SharpCrop.LocalFile\SharpCrop.LocalFile.csproj", "{A3A39048-9A42-4785-985C-FF9C06684285}"
EndProject
Project("{FAE04EC0-301F-11D3-BF4B-00C04F79EFBC}") = "SharpCrop.FTP", "SharpCrop.FTP\SharpCrop.FTP.csproj", "{D3C0D988-931B-4656-BB07-B270F0AF8D5B}"
EndProject
Global
	GlobalSection(SolutionConfigurationPlatforms) = preSolution
		Debug|Any CPU = Debug|Any CPU
		Release|Any CPU = Release|Any CPU
	EndGlobalSection
	GlobalSection(ProjectConfigurationPlatforms) = postSolution
		{B8779394-3FCB-4CCC-96EC-2BF2D4827A16}.Debug|Any CPU.ActiveCfg = Debug|Any CPU
		{B8779394-3FCB-4CCC-96EC-2BF2D4827A16}.Debug|Any CPU.Build.0 = Debug|Any CPU
		{B8779394-3FCB-4CCC-96EC-2BF2D4827A16}.Release|Any CPU.ActiveCfg = Release|Any CPU
		{B8779394-3FCB-4CCC-96EC-2BF2D4827A16}.Release|Any CPU.Build.0 = Release|Any CPU
		{318EE826-9014-4869-B84A-B447980229BC}.Debug|Any CPU.ActiveCfg = Debug|Any CPU
		{318EE826-9014-4869-B84A-B447980229BC}.Debug|Any CPU.Build.0 = Debug|Any CPU
		{318EE826-9014-4869-B84A-B447980229BC}.Release|Any CPU.ActiveCfg = Release|Any CPU
		{318EE826-9014-4869-B84A-B447980229BC}.Release|Any CPU.Build.0 = Release|Any CPU
		{52C62AF5-CF9F-4F80-A5A6-13A322975E6C}.Debug|Any CPU.ActiveCfg = Debug|Any CPU
		{52C62AF5-CF9F-4F80-A5A6-13A322975E6C}.Debug|Any CPU.Build.0 = Debug|Any CPU
		{52C62AF5-CF9F-4F80-A5A6-13A322975E6C}.Release|Any CPU.ActiveCfg = Release|Any CPU
		{52C62AF5-CF9F-4F80-A5A6-13A322975E6C}.Release|Any CPU.Build.0 = Release|Any CPU
		{1466A67D-99BD-43F6-A806-314008147D6E}.Debug|Any CPU.ActiveCfg = Debug|Any CPU
		{1466A67D-99BD-43F6-A806-314008147D6E}.Debug|Any CPU.Build.0 = Debug|Any CPU
		{1466A67D-99BD-43F6-A806-314008147D6E}.Release|Any CPU.ActiveCfg = Release|Any CPU
		{1466A67D-99BD-43F6-A806-314008147D6E}.Release|Any CPU.Build.0 = Release|Any CPU
		{BAFEC853-40D1-45B5-AC5D-BC1FF5A23BFD}.Debug|Any CPU.ActiveCfg = Debug|Any CPU
		{BAFEC853-40D1-45B5-AC5D-BC1FF5A23BFD}.Debug|Any CPU.Build.0 = Debug|Any CPU
		{BAFEC853-40D1-45B5-AC5D-BC1FF5A23BFD}.Release|Any CPU.ActiveCfg = Release|Any CPU
		{BAFEC853-40D1-45B5-AC5D-BC1FF5A23BFD}.Release|Any CPU.Build.0 = Release|Any CPU
		{A3A39048-9A42-4785-985C-FF9C06684285}.Debug|Any CPU.ActiveCfg = Debug|Any CPU
		{A3A39048-9A42-4785-985C-FF9C06684285}.Debug|Any CPU.Build.0 = Debug|Any CPU
		{A3A39048-9A42-4785-985C-FF9C06684285}.Release|Any CPU.ActiveCfg = Release|Any CPU
		{A3A39048-9A42-4785-985C-FF9C06684285}.Release|Any CPU.Build.0 = Release|Any CPU
		{D3C0D988-931B-4656-BB07-B270F0AF8D5B}.Debug|Any CPU.ActiveCfg = Debug|Any CPU
		{D3C0D988-931B-4656-BB07-B270F0AF8D5B}.Debug|Any CPU.Build.0 = Debug|Any CPU
		{D3C0D988-931B-4656-BB07-B270F0AF8D5B}.Release|Any CPU.ActiveCfg = Release|Any CPU
		{D3C0D988-931B-4656-BB07-B270F0AF8D5B}.Release|Any CPU.Build.0 = Release|Any CPU
	EndGlobalSection
	GlobalSection(SolutionProperties) = preSolution
		HideSolutionNode = FALSE
	EndGlobalSection
EndGlobal
